{
  "requires": true,
  "lockfileVersion": 1,
  "dependencies": {
    "react-cool-onclickoutside": {
      "version": "1.6.0",
      "resolved": "https://registry.npmjs.org/react-cool-onclickoutside/-/react-cool-onclickoutside-1.6.0.tgz",
      "integrity": "sha512-qUBEjMEpL0ApIDdTm5kczkvZHWUsSt+jU59W2WKB6Wf4Fj75I8sU5RnGlcdIkKBoQA+sQyRfJBiDgbL3SLyy3A=="
    }
  }
}
